
Microsoft Visual Studio Solution File, Format Version 12.00
Project("{FAE04EC0-301F-11D3-BF4B-00C04F79EFBC}") = "eMedicalRecordsApp", "eMedicalRecordsApp\eMedicalRecordsApp.csproj", "{65205AC1-4DC9-41B8-BFB5-90B6EC3A79DC}"
EndProject
Global
	GlobalSection(SolutionConfigurationPlatforms) = preSolution
		Debug|Any CPU = Debug|Any CPU
		Release|Any CPU = Release|Any CPU
	EndGlobalSection
	GlobalSection(ProjectConfigurationPlatforms) = postSolution
		{65205AC1-4DC9-41B8-BFB5-90B6EC3A79DC}.Debug|Any CPU.ActiveCfg = Debug|Any CPU
		{65205AC1-4DC9-41B8-BFB5-90B6EC3A79DC}.Debug|Any CPU.Build.0 = Debug|Any CPU
		{65205AC1-4DC9-41B8-BFB5-90B6EC3A79DC}.Release|Any CPU.ActiveCfg = Release|Any CPU
		{65205AC1-4DC9-41B8-BFB5-90B6EC3A79DC}.Release|Any CPU.Build.0 = Release|Any CPU
	EndGlobalSection
EndGlobal
